
Microsoft Visual Studio Solution File, Format Version 12.00
# Visual Studio 15
VisualStudioVersion = 15.0.27428.2005
MinimumVisualStudioVersion = 10.0.40219.1
Project("{159641D6-6404-4A2A-AE62-294DE0FE8301}") = "Lab 03 Solution", "Lab 03 Solution\Lab 03 Solution.dtproj", "{62D96E5F-D685-4D8E-8D4A-216360CBF657}"
EndProject
Global
	GlobalSection(SolutionConfigurationPlatforms) = preSolution
		Development|Default = Development|Default
	EndGlobalSection
	GlobalSection(ProjectConfigurationPlatforms) = postSolution
		{62D96E5F-D685-4D8E-8D4A-216360CBF657}.Development|Default.ActiveCfg = Development
		{62D96E5F-D685-4D8E-8D4A-216360CBF657}.Development|Default.Build.0 = Development
	EndGlobalSection
	GlobalSection(SolutionProperties) = preSolution
		HideSolutionNode = FALSE
	EndGlobalSection
	GlobalSection(ExtensibilityGlobals) = postSolution
		SolutionGuid = {2FCDB5B8-6E5C-4E06-9B1C-313FA235B68A}
	EndGlobalSection
EndGlobal
