
Microsoft Visual Studio Solution File, Format Version 12.00
# Visual Studio 14
VisualStudioVersion = 14.0.23107.0
MinimumVisualStudioVersion = 10.0.40219.1
Project("{159641D6-6404-4A2A-AE62-294DE0FE8301}") = "Lab 6 exercise 1 solution", "Lab 6 exercise 1 solution\Lab 6 exercise 1 solution.dtproj", "{4A96B311-1625-45C6-B497-03316011E3F9}"
EndProject
Global
	GlobalSection(SolutionConfigurationPlatforms) = preSolution
		Development|Default = Development|Default
	EndGlobalSection
	GlobalSection(ProjectConfigurationPlatforms) = postSolution
		{4A96B311-1625-45C6-B497-03316011E3F9}.Development|Default.ActiveCfg = Development
		{4A96B311-1625-45C6-B497-03316011E3F9}.Development|Default.Build.0 = Development
	EndGlobalSection
	GlobalSection(SolutionProperties) = preSolution
		HideSolutionNode = FALSE
	EndGlobalSection
	GlobalSection(ExtensibilityGlobals) = postSolution
		SolutionGuid = {608DF567-01D8-409F-9ECE-84055AC9E609}
	EndGlobalSection
EndGlobal
