
Microsoft Visual Studio Solution File, Format Version 12.00
# Visual Studio 14
VisualStudioVersion = 14.0.23107.0
MinimumVisualStudioVersion = 10.0.40219.1
Project("{159641D6-6404-4A2A-AE62-294DE0FE8301}") = "Lab 7 Exercise 1 start", "Lab 7 Exercise 1 start\Lab 7 Exercise 1.dtproj", "{4B95F1E3-2E59-42D3-8445-E776B61072C7}"
EndProject
Global
	GlobalSection(SolutionConfigurationPlatforms) = preSolution
		Development|Default = Development|Default
	EndGlobalSection
	GlobalSection(ProjectConfigurationPlatforms) = postSolution
		{4B95F1E3-2E59-42D3-8445-E776B61072C7}.Development|Default.ActiveCfg = Development
		{4B95F1E3-2E59-42D3-8445-E776B61072C7}.Development|Default.Build.0 = Development
	EndGlobalSection
	GlobalSection(SolutionProperties) = preSolution
		HideSolutionNode = FALSE
	EndGlobalSection
EndGlobal
